
Microsoft Visual Studio Solution File, Format Version 12.00
# Visual Studio Version 16
VisualStudioVersion = 16.0.31702.278
MinimumVisualStudioVersion = 10.0.40219.1
Project("{FAE04EC0-301F-11D3-BF4B-00C04F79EFBC}") = "Hwork15", "Hwork15\Hwork15.csproj", "{21413D98-9669-43E8-81AB-128824F98483}"
EndProject
Global
	GlobalSection(SolutionConfigurationPlatforms) = preSolution
		Debug|Any CPU = Debug|Any CPU
		Release|Any CPU = Release|Any CPU
	EndGlobalSection
	GlobalSection(ProjectConfigurationPlatforms) = postSolution
		{21413D98-9669-43E8-81AB-128824F98483}.Debug|Any CPU.ActiveCfg = Debug|Any CPU
		{21413D98-9669-43E8-81AB-128824F98483}.Debug|Any CPU.Build.0 = Debug|Any CPU
		{21413D98-9669-43E8-81AB-128824F98483}.Release|Any CPU.ActiveCfg = Release|Any CPU
		{21413D98-9669-43E8-81AB-128824F98483}.Release|Any CPU.Build.0 = Release|Any CPU
	EndGlobalSection
	GlobalSection(SolutionProperties) = preSolution
		HideSolutionNode = FALSE
	EndGlobalSection
	GlobalSection(ExtensibilityGlobals) = postSolution
		SolutionGuid = {23E6DFA6-524D-4ACA-9977-AF2203A00013}
	EndGlobalSection
EndGlobal
